
Microsoft Visual Studio Solution File, Format Version 11.00
# Visual Studio 2010
Project("{FAE04EC0-301F-11D3-BF4B-00C04F79EFBC}") = "xmltest", "xmltest\xmltest.csproj", "{EF0F63B0-BAFC-4AA5-B60D-2F572BC1A04D}"
EndProject
Global
	GlobalSection(SolutionConfigurationPlatforms) = preSolution
		Debug|x86 = Debug|x86
		Release|x86 = Release|x86
	EndGlobalSection
	GlobalSection(ProjectConfigurationPlatforms) = postSolution
		{EF0F63B0-BAFC-4AA5-B60D-2F572BC1A04D}.Debug|x86.ActiveCfg = Debug|x86
		{EF0F63B0-BAFC-4AA5-B60D-2F572BC1A04D}.Debug|x86.Build.0 = Debug|x86
		{EF0F63B0-BAFC-4AA5-B60D-2F572BC1A04D}.Release|x86.ActiveCfg = Release|x86
		{EF0F63B0-BAFC-4AA5-B60D-2F572BC1A04D}.Release|x86.Build.0 = Release|x86
	EndGlobalSection
	GlobalSection(SolutionProperties) = preSolution
		HideSolutionNode = FALSE
	EndGlobalSection
EndGlobal
